
Microsoft Visual Studio Solution File, Format Version 12.00
# Visual Studio Version 17
VisualStudioVersion = 17.10.35004.147
MinimumVisualStudioVersion = 10.0.40219.1
Project("{FAE04EC0-301F-11D3-BF4B-00C04F79EFBC}") = "LandisGyrProject", "LandisGyrProject\LandisGyrProject.csproj", "{5C9F3602-B786-4605-85FE-C7D31B693A73}"
EndProject
Project("{FAE04EC0-301F-11D3-BF4B-00C04F79EFBC}") = "LandisGyrProjectTests", "LandisGyrProjectTests\LandisGyrProjectTests.csproj", "{51D10976-03A0-4FD3-B08D-2530182400E4}"
EndProject
Global
	GlobalSection(SolutionConfigurationPlatforms) = preSolution
		Debug|Any CPU = Debug|Any CPU
		Release|Any CPU = Release|Any CPU
	EndGlobalSection
	GlobalSection(ProjectConfigurationPlatforms) = postSolution
		{5C9F3602-B786-4605-85FE-C7D31B693A73}.Debug|Any CPU.ActiveCfg = Debug|Any CPU
		{5C9F3602-B786-4605-85FE-C7D31B693A73}.Debug|Any CPU.Build.0 = Debug|Any CPU
		{5C9F3602-B786-4605-85FE-C7D31B693A73}.Release|Any CPU.ActiveCfg = Release|Any CPU
		{5C9F3602-B786-4605-85FE-C7D31B693A73}.Release|Any CPU.Build.0 = Release|Any CPU
		{51D10976-03A0-4FD3-B08D-2530182400E4}.Debug|Any CPU.ActiveCfg = Debug|Any CPU
		{51D10976-03A0-4FD3-B08D-2530182400E4}.Debug|Any CPU.Build.0 = Debug|Any CPU
		{51D10976-03A0-4FD3-B08D-2530182400E4}.Release|Any CPU.ActiveCfg = Release|Any CPU
		{51D10976-03A0-4FD3-B08D-2530182400E4}.Release|Any CPU.Build.0 = Release|Any CPU
	EndGlobalSection
	GlobalSection(SolutionProperties) = preSolution
		HideSolutionNode = FALSE
	EndGlobalSection
	GlobalSection(ExtensibilityGlobals) = postSolution
		SolutionGuid = {913D5407-053B-4B55-A134-D41F13F87850}
	EndGlobalSection
EndGlobal
